
Microsoft Visual Studio Solution File, Format Version 12.00
# Visual Studio Version 17
VisualStudioVersion = 17.11.35312.102
MinimumVisualStudioVersion = 10.0.40219.1
Project("{FAE04EC0-301F-11D3-BF4B-00C04F79EFBC}") = "Pis3", "Pis3\Pis3.csproj", "{BFD25034-EEEB-48A8-8E66-E1BEDBC43262}"
EndProject
Project("{FAE04EC0-301F-11D3-BF4B-00C04F79EFBC}") = "PointsTests", "PointsTests\PointsTests.csproj", "{38448B7F-B9FF-4656-873B-1F8EABA3C1BF}"
EndProject
Global
	GlobalSection(SolutionConfigurationPlatforms) = preSolution
		Debug|Any CPU = Debug|Any CPU
		Release|Any CPU = Release|Any CPU
	EndGlobalSection
	GlobalSection(ProjectConfigurationPlatforms) = postSolution
		{BFD25034-EEEB-48A8-8E66-E1BEDBC43262}.Debug|Any CPU.ActiveCfg = Debug|Any CPU
		{BFD25034-EEEB-48A8-8E66-E1BEDBC43262}.Debug|Any CPU.Build.0 = Debug|Any CPU
		{BFD25034-EEEB-48A8-8E66-E1BEDBC43262}.Release|Any CPU.ActiveCfg = Release|Any CPU
		{BFD25034-EEEB-48A8-8E66-E1BEDBC43262}.Release|Any CPU.Build.0 = Release|Any CPU
		{38448B7F-B9FF-4656-873B-1F8EABA3C1BF}.Debug|Any CPU.ActiveCfg = Debug|Any CPU
		{38448B7F-B9FF-4656-873B-1F8EABA3C1BF}.Debug|Any CPU.Build.0 = Debug|Any CPU
		{38448B7F-B9FF-4656-873B-1F8EABA3C1BF}.Release|Any CPU.ActiveCfg = Release|Any CPU
		{38448B7F-B9FF-4656-873B-1F8EABA3C1BF}.Release|Any CPU.Build.0 = Release|Any CPU
	EndGlobalSection
	GlobalSection(SolutionProperties) = preSolution
		HideSolutionNode = FALSE
	EndGlobalSection
	GlobalSection(ExtensibilityGlobals) = postSolution
		SolutionGuid = {CF8DBDB5-D517-489A-AB70-2B1ED4F37C52}
	EndGlobalSection
EndGlobal
